// !$*UTF8*$!
{
	archiveVersion = 1;
	classes = {
	};
	objectVersion = 55;
	objects = {

/* Begin PBXBuildFile section */
		510D93FF27E983DE0023290F /* PublcOfficeModel.swift in Sources */ = {isa = PBXBuildFile; fileRef = 510D93FE27E983DE0023290F /* PublcOfficeModel.swift */; };
		51163C3E27E85C65008D24A7 /* MapVC.swift in Sources */ = {isa = PBXBuildFile; fileRef = 51163C3C27E85C65008D24A7 /* MapVC.swift */; };
		51163C3F27E85C65008D24A7 /* MapVC.xib in Resources */ = {isa = PBXBuildFile; fileRef = 51163C3D27E85C65008D24A7 /* MapVC.xib */; };
		51920FE92806C7E700126D5F /* PublicOfficesDetailVC.swift in Sources */ = {isa = PBXBuildFile; fileRef = 51920FE82806C7E700126D5F /* PublicOfficesDetailVC.swift */; };
		519C5E8227EB11A900E2CDC4 /* PublicOfficesCell.swift in Sources */ = {isa = PBXBuildFile; fileRef = 519C5E8027EB11A900E2CDC4 /* PublicOfficesCell.swift */; };
		519C5E8327EB11A900E2CDC4 /* PublicOfficesCell.xib in Resources */ = {isa = PBXBuildFile; fileRef = 519C5E8127EB11A900E2CDC4 /* PublicOfficesCell.xib */; };
		519C5E8527EB1A0300E2CDC4 /* PublicOfficesVC.swift in Sources */ = {isa = PBXBuildFile; fileRef = 519C5E8427EB1A0300E2CDC4 /* PublicOfficesVC.swift */; };
		519C5E8727EB1A3600E2CDC4 /* PublicOfficesVC.storyboard in Resources */ = {isa = PBXBuildFile; fileRef = 519C5E8627EB1A3600E2CDC4 /* PublicOfficesVC.storyboard */; };
		51AEFBCA27DED3FC00423939 /* AppDelegate.swift in Sources */ = {isa = PBXBuildFile; fileRef = 51AEFBC927DED3FC00423939 /* AppDelegate.swift */; };
		51AEFBCC27DED3FC00423939 /* SceneDelegate.swift in Sources */ = {isa = PBXBuildFile; fileRef = 51AEFBCB27DED3FC00423939 /* SceneDelegate.swift */; };
		51AEFBCE27DED3FC00423939 /* ViewController.swift in Sources */ = {isa = PBXBuildFile; fileRef = 51AEFBCD27DED3FC00423939 /* ViewController.swift */; };
		51AEFBD127DED3FC00423939 /* Main.storyboard in Resources */ = {isa = PBXBuildFile; fileRef = 51AEFBCF27DED3FC00423939 /* Main.storyboard */; };
		51AEFBD327DED3FD00423939 /* Assets.xcassets in Resources */ = {isa = PBXBuildFile; fileRef = 51AEFBD227DED3FD00423939 /* Assets.xcassets */; };
		51AEFBD627DED3FD00423939 /* LaunchScreen.storyboard in Resources */ = {isa = PBXBuildFile; fileRef = 51AEFBD427DED3FD00423939 /* LaunchScreen.storyboard */; };
		51AEFBDF27DED62600423939 /* splash_img.jpg in Resources */ = {isa = PBXBuildFile; fileRef = 51AEFBDE27DED62600423939 /* splash_img.jpg */; };
		5C9617DFE95C027D5FA45598 /* Pods_NamhaeGuide_iOS.framework in Frameworks */ = {isa = PBXBuildFile; fileRef = 6675EBD57837DC2AE02FC60F /* Pods_NamhaeGuide_iOS.framework */; };
/* End PBXBuildFile section */

/* Begin PBXFileReference section */
		510D93FE27E983DE0023290F /* PublcOfficeModel.swift */ = {isa = PBXFileReference; lastKnownFileType = sourcecode.swift; path = PublcOfficeModel.swift; sourceTree = "<group>"; };
		51163C3C27E85C65008D24A7 /* MapVC.swift */ = {isa = PBXFileReference; lastKnownFileType = sourcecode.swift; path = MapVC.swift; sourceTree = "<group>"; };
		51163C3D27E85C65008D24A7 /* MapVC.xib */ = {isa = PBXFileReference; lastKnownFileType = file.xib; path = MapVC.xib; sourceTree = "<group>"; };
		51920FE82806C7E700126D5F /* PublicOfficesDetailVC.swift */ = {isa = PBXFileReference; lastKnownFileType = sourcecode.swift; path = PublicOfficesDetailVC.swift; sourceTree = "<group>"; };
		519C5E8027EB11A900E2CDC4 /* PublicOfficesCell.swift */ = {isa = PBXFileReference; lastKnownFileType = sourcecode.swift; path = PublicOfficesCell.swift; sourceTree = "<group>"; };
		519C5E8127EB11A900E2CDC4 /* PublicOfficesCell.xib */ = {isa = PBXFileReference; lastKnownFileType = file.xib; path = PublicOfficesCell.xib; sourceTree = "<group>"; };
		519C5E8427EB1A0300E2CDC4 /* PublicOfficesVC.swift */ = {isa = PBXFileReference; lastKnownFileType = sourcecode.swift; path = PublicOfficesVC.swift; sourceTree = "<group>"; };
		519C5E8627EB1A3600E2CDC4 /* PublicOfficesVC.storyboard */ = {isa = PBXFileReference; lastKnownFileType = file.storyboard; path = PublicOfficesVC.storyboard; sourceTree = "<group>"; };
		51AEFBC627DED3FC00423939 /* NamhaeGuide_iOS.app */ = {isa = PBXFileReference; explicitFileType = wrapper.application; includeInIndex = 0; path = NamhaeGuide_iOS.app; sourceTree = BUILT_PRODUCTS_DIR; };
		51AEFBC927DED3FC00423939 /* AppDelegate.swift */ = {isa = PBXFileReference; lastKnownFileType = sourcecode.swift; path = AppDelegate.swift; sourceTree = "<group>"; };
		51AEFBCB27DED3FC00423939 /* SceneDelegate.swift */ = {isa = PBXFileReference; lastKnownFileType = sourcecode.swift; path = SceneDelegate.swift; sourceTree = "<group>"; };
		51AEFBCD27DED3FC00423939 /* ViewController.swift */ = {isa = PBXFileReference; lastKnownFileType = sourcecode.swift; path = ViewController.swift; sourceTree = "<group>"; };
		51AEFBD027DED3FC00423939 /* Base */ = {isa = PBXFileReference; lastKnownFileType = file.storyboard; name = Base; path = Base.lproj/Main.storyboard; sourceTree = "<group>"; };
		51AEFBD227DED3FD00423939 /* Assets.xcassets */ = {isa = PBXFileReference; lastKnownFileType = folder.assetcatalog; path = Assets.xcassets; sourceTree = "<group>"; };
		51AEFBD527DED3FD00423939 /* Base */ = {isa = PBXFileReference; lastKnownFileType = file.storyboard; name = Base; path = Base.lproj/LaunchScreen.storyboard; sourceTree = "<group>"; };
		51AEFBD727DED3FD00423939 /* Info.plist */ = {isa = PBXFileReference; lastKnownFileType = text.plist.xml; path = Info.plist; sourceTree = "<group>"; };
		51AEFBDE27DED62600423939 /* splash_img.jpg */ = {isa = PBXFileReference; lastKnownFileType = image.jpeg; path = splash_img.jpg; sourceTree = "<group>"; };
		6675EBD57837DC2AE02FC60F /* Pods_NamhaeGuide_iOS.framework */ = {isa = PBXFileReference; explicitFileType = wrapper.framework; includeInIndex = 0; path = Pods_NamhaeGuide_iOS.framework; sourceTree = BUILT_PRODUCTS_DIR; };
		701ED99C46B80B2457EADCE6 /* Pods-NamhaeGuide_iOS.release.xcconfig */ = {isa = PBXFileReference; includeInIndex = 1; lastKnownFileType = text.xcconfig; name = "Pods-NamhaeGuide_iOS.release.xcconfig"; path = "Target Support Files/Pods-NamhaeGuide_iOS/Pods-NamhaeGuide_iOS.release.xcconfig"; sourceTree = "<group>"; };
		76D7383D080C25191DC29EB4 /* Pods-NamhaeGuide_iOS.debug.xcconfig */ = {isa = PBXFileReference; includeInIndex = 1; lastKnownFileType = text.xcconfig; name = "Pods-NamhaeGuide_iOS.debug.xcconfig"; path = "Target Support Files/Pods-NamhaeGuide_iOS/Pods-NamhaeGuide_iOS.debug.xcconfig"; sourceTree = "<group>"; };
/* End PBXFileReference section */

/* Begin PBXFrameworksBuildPhase section */
		51AEFBC327DED3FC00423939 /* Frameworks */ = {
			isa = PBXFrameworksBuildPhase;
			buildActionMask = 2147483647;
			files = (
				5C9617DFE95C027D5FA45598 /* Pods_NamhaeGuide_iOS.framework in Frameworks */,
			);
			runOnlyForDeploymentPostprocessing = 0;
		};
/* End PBXFrameworksBuildPhase section */

/* Begin PBXGroup section */
		1111316B16CCD5517119F574 /* Pods */ = {
			isa = PBXGroup;
			children = (
				76D7383D080C25191DC29EB4 /* Pods-NamhaeGuide_iOS.debug.xcconfig */,
				701ED99C46B80B2457EADCE6 /* Pods-NamhaeGuide_iOS.release.xcconfig */,
			);
			path = Pods;
			sourceTree = "<group>";
		};
		51920FE72806BF6600126D5F /* PublicOffice */ = {
			isa = PBXGroup;
			children = (
				519C5E8427EB1A0300E2CDC4 /* PublicOfficesVC.swift */,
				519C5E8627EB1A3600E2CDC4 /* PublicOfficesVC.storyboard */,
				519C5E8027EB11A900E2CDC4 /* PublicOfficesCell.swift */,
				519C5E8127EB11A900E2CDC4 /* PublicOfficesCell.xib */,
				510D93FE27E983DE0023290F /* PublcOfficeModel.swift */,
				51920FE82806C7E700126D5F /* PublicOfficesDetailVC.swift */,
			);
			path = PublicOffice;
			sourceTree = "<group>";
		};
		51AEFBBD27DED3FC00423939 = {
			isa = PBXGroup;
			children = (
				51AEFBDD27DED61300423939 /* Resources */,
				51AEFBC827DED3FC00423939 /* NamhaeGuide_iOS */,
				51AEFBC727DED3FC00423939 /* Products */,
				1111316B16CCD5517119F574 /* Pods */,
				535B27B8A55DF1E1E1995709 /* Frameworks */,
			);
			sourceTree = "<group>";
		};
		51AEFBC727DED3FC00423939 /* Products */ = {
			isa = PBXGroup;
			children = (
				51AEFBC627DED3FC00423939 /* NamhaeGuide_iOS.app */,
			);
			name = Products;
			sourceTree = "<group>";
		};
		51AEFBC827DED3FC00423939 /* NamhaeGuide_iOS */ = {
			isa = PBXGroup;
			children = (
				51920FE72806BF6600126D5F /* PublicOffice */,
				51AEFBC927DED3FC00423939 /* AppDelegate.swift */,
				51AEFBCB27DED3FC00423939 /* SceneDelegate.swift */,
				51AEFBCD27DED3FC00423939 /* ViewController.swift */,
				51AEFBCF27DED3FC00423939 /* Main.storyboard */,
				51AEFBD227DED3FD00423939 /* Assets.xcassets */,
				51AEFBD427DED3FD00423939 /* LaunchScreen.storyboard */,
				51AEFBD727DED3FD00423939 /* Info.plist */,
				51163C3C27E85C65008D24A7 /* MapVC.swift */,
				51163C3D27E85C65008D24A7 /* MapVC.xib */,
			);
			path = NamhaeGuide_iOS;
			sourceTree = "<group>";
		};
		51AEFBDD27DED61300423939 /* Resources */ = {
			isa = PBXGroup;
			children = (
				51AEFBDE27DED62600423939 /* splash_img.jpg */,
			);
			path = Resources;
			sourceTree = "<group>";
		};
		535B27B8A55DF1E1E1995709 /* Frameworks */ = {
			isa = PBXGroup;
			children = (
				6675EBD57837DC2AE02FC60F /* Pods_NamhaeGuide_iOS.framework */,
			);
			name = Frameworks;
			sourceTree = "<group>";
		};
/* End PBXGroup section */

/* Begin PBXNativeTarget section */
		51AEFBC527DED3FC00423939 /* NamhaeGuide_iOS */ = {
			isa = PBXNativeTarget;
			buildConfigurationList = 51AEFBDA27DED3FD00423939 /* Build configuration list for PBXNativeTarget "NamhaeGuide_iOS" */;
			buildPhases = (
				8CE63AA2050020849EB52ABD /* [CP] Check Pods Manifest.lock */,
				51AEFBC227DED3FC00423939 /* Sources */,
				51AEFBC327DED3FC00423939 /* Frameworks */,
				51AEFBC427DED3FC00423939 /* Resources */,
				2C9F52F588BC2065F0AEB7B6 /* [CP] Embed Pods Frameworks */,
			);
			buildRules = (
			);
			dependencies = (
			);
			name = NamhaeGuide_iOS;
			productName = NamhaeGuide_iOS;
			productReference = 51AEFBC627DED3FC00423939 /* NamhaeGuide_iOS.app */;
			productType = "com.apple.product-type.application";
		};
/* End PBXNativeTarget section */

/* Begin PBXProject section */
		51AEFBBE27DED3FC00423939 /* Project object */ = {
			isa = PBXProject;
			attributes = {
				BuildIndependentTargetsInParallel = 1;
				LastSwiftUpdateCheck = 1320;
				LastUpgradeCheck = 1320;
				TargetAttributes = {
					51AEFBC527DED3FC00423939 = {
						CreatedOnToolsVersion = 13.2.1;
					};
				};
			};
			buildConfigurationList = 51AEFBC127DED3FC00423939 /* Build configuration list for PBXProject "NamhaeGuide_iOS" */;
			compatibilityVersion = "Xcode 13.0";
			developmentRegion = en;
			hasScannedForEncodings = 0;
			knownRegions = (
				en,
				Base,
			);
			mainGroup = 51AEFBBD27DED3FC00423939;
			productRefGroup = 51AEFBC727DED3FC00423939 /* Products */;
			projectDirPath = "";
			projectRoot = "";
			targets = (
				51AEFBC527DED3FC00423939 /* NamhaeGuide_iOS */,
			);
		};
/* End PBXProject section */

/* Begin PBXResourcesBuildPhase section */
		51AEFBC427DED3FC00423939 /* Resources */ = {
			isa = PBXResourcesBuildPhase;
			buildActionMask = 2147483647;
			files = (
				51AEFBDF27DED62600423939 /* splash_img.jpg in Resources */,
				51AEFBD627DED3FD00423939 /* LaunchScreen.storyboard in Resources */,
				519C5E8727EB1A3600E2CDC4 /* PublicOfficesVC.storyboard in Resources */,
				519C5E8327EB11A900E2CDC4 /* PublicOfficesCell.xib in Resources */,
				51AEFBD327DED3FD00423939 /* Assets.xcassets in Resources */,
				51163C3F27E85C65008D24A7 /* MapVC.xib in Resources */,
				51AEFBD127DED3FC00423939 /* Main.storyboard in Resources */,
			);
			runOnlyForDeploymentPostprocessing = 0;
		};
/* End PBXResourcesBuildPhase section */

/* Begin PBXShellScriptBuildPhase section */
		2C9F52F588BC2065F0AEB7B6 /* [CP] Embed Pods Frameworks */ = {
			isa = PBXShellScriptBuildPhase;
			buildActionMask = 2147483647;
			files = (
			);
			inputFileListPaths = (
				"${PODS_ROOT}/Target Support Files/Pods-NamhaeGuide_iOS/Pods-NamhaeGuide_iOS-frameworks-${CONFIGURATION}-input-files.xcfilelist",
			);
			name = "[CP] Embed Pods Frameworks";
			outputFileListPaths = (
				"${PODS_ROOT}/Target Support Files/Pods-NamhaeGuide_iOS/Pods-NamhaeGuide_iOS-frameworks-${CONFIGURATION}-output-files.xcfilelist",
			);
			runOnlyForDeploymentPostprocessing = 0;
			shellPath = /bin/sh;
			shellScript = "\"${PODS_ROOT}/Target Support Files/Pods-NamhaeGuide_iOS/Pods-NamhaeGuide_iOS-frameworks.sh\"\n";
			showEnvVarsInLog = 0;
		};
		8CE63AA2050020849EB52ABD /* [CP] Check Pods Manifest.lock */ = {
			isa = PBXShellScriptBuildPhase;
			buildActionMask = 2147483647;
			files = (
			);
			inputFileListPaths = (
			);
			inputPaths = (
				"${PODS_PODFILE_DIR_PATH}/Podfile.lock",
				"${PODS_ROOT}/Manifest.lock",
			);
			name = "[CP] Check Pods Manifest.lock";
			outputFileListPaths = (
			);
			outputPaths = (
				"$(DERIVED_FILE_DIR)/Pods-NamhaeGuide_iOS-checkManifestLockResult.txt",
			);
			runOnlyForDeploymentPostprocessing = 0;
			shellPath = /bin/sh;
			shellScript = "diff \"${PODS_PODFILE_DIR_PATH}/Podfile.lock\" \"${PODS_ROOT}/Manifest.lock\" > /dev/null\nif [ $? != 0 ] ; then\n    # print error to STDERR\n    echo \"error: The sandbox is not in sync with the Podfile.lock. Run 'pod install' or update your CocoaPods installation.\" >&2\n    exit 1\nfi\n# This output is used by Xcode 'outputs' to avoid re-running this script phase.\necho \"SUCCESS\" > \"${SCRIPT_OUTPUT_FILE_0}\"\n";
			showEnvVarsInLog = 0;
		};
/* End PBXShellScriptBuildPhase section */

/* Begin PBXSourcesBuildPhase section */
		51AEFBC227DED3FC00423939 /* Sources */ = {
			isa = PBXSourcesBuildPhase;
			buildActionMask = 2147483647;
			files = (
				51920FE92806C7E700126D5F /* PublicOfficesDetailVC.swift in Sources */,
				519C5E8227EB11A900E2CDC4 /* PublicOfficesCell.swift in Sources */,
				51AEFBCE27DED3FC00423939 /* ViewController.swift in Sources */,
				51163C3E27E85C65008D24A7 /* MapVC.swift in Sources */,
				510D93FF27E983DE0023290F /* PublcOfficeModel.swift in Sources */,
				51AEFBCA27DED3FC00423939 /* AppDelegate.swift in Sources */,
				519C5E8527EB1A0300E2CDC4 /* PublicOfficesVC.swift in Sources */,
				51AEFBCC27DED3FC00423939 /* SceneDelegate.swift in Sources */,
			);
			runOnlyForDeploymentPostprocessing = 0;
		};
/* End PBXSourcesBuildPhase section */

/* Begin PBXVariantGroup section */
		51AEFBCF27DED3FC00423939 /* Main.storyboard */ = {
			isa = PBXVariantGroup;
			children = (
				51AEFBD027DED3FC00423939 /* Base */,
			);
			name = Main.storyboard;
			sourceTree = "<group>";
		};
		51AEFBD427DED3FD00423939 /* LaunchScreen.storyboard */ = {
			isa = PBXVariantGroup;
			children = (
				51AEFBD527DED3FD00423939 /* Base */,
			);
			name = LaunchScreen.storyboard;
			sourceTree = "<group>";
		};
/* End PBXVariantGroup section */

/* Begin XCBuildConfiguration section */
		51AEFBD827DED3FD00423939 /* Debug */ = {
			isa = XCBuildConfiguration;
			buildSettings = {
				ALWAYS_SEARCH_USER_PATHS = NO;
				CLANG_ANALYZER_NONNULL = YES;
				CLANG_ANALYZER_NUMBER_OBJECT_CONVERSION = YES_AGGRESSIVE;
				CLANG_CXX_LANGUAGE_STANDARD = "gnu++17";
				CLANG_CXX_LIBRARY = "libc++";
				CLANG_ENABLE_MODULES = YES;
				CLANG_ENABLE_OBJC_ARC = YES;
				CLANG_ENABLE_OBJC_WEAK = YES;
				CLANG_WARN_BLOCK_CAPTURE_AUTORELEASING = YES;
				CLANG_WARN_BOOL_CONVERSION = YES;
				CLANG_WARN_COMMA = YES;
				CLANG_WARN_CONSTANT_CONVERSION = YES;
				CLANG_WARN_DEPRECATED_OBJC_IMPLEMENTATIONS = YES;
				CLANG_WARN_DIRECT_OBJC_ISA_USAGE = YES_ERROR;
				CLANG_WARN_DOCUMENTATION_COMMENTS = YES;
				CLANG_WARN_EMPTY_BODY = YES;
				CLANG_WARN_ENUM_CONVERSION = YES;
				CLANG_WARN_INFINITE_RECURSION = YES;
				CLANG_WARN_INT_CONVERSION = YES;
				CLANG_WARN_NON_LITERAL_NULL_CONVERSION = YES;
				CLANG_WARN_OBJC_IMPLICIT_RETAIN_SELF = YES;
				CLANG_WARN_OBJC_LITERAL_CONVERSION = YES;
				CLANG_WARN_OBJC_ROOT_CLASS = YES_ERROR;
				CLANG_WARN_QUOTED_INCLUDE_IN_FRAMEWORK_HEADER = YES;
				CLANG_WARN_RANGE_LOOP_ANALYSIS = YES;
				CLANG_WARN_STRICT_PROTOTYPES = YES;
				CLANG_WARN_SUSPICIOUS_MOVE = YES;
				CLANG_WARN_UNGUARDED_AVAILABILITY = YES_AGGRESSIVE;
				CLANG_WARN_UNREACHABLE_CODE = YES;
				CLANG_WARN__DUPLICATE_METHOD_MATCH = YES;
				COPY_PHASE_STRIP = NO;
				DEBUG_INFORMATION_FORMAT = dwarf;
				ENABLE_STRICT_OBJC_MSGSEND = YES;
				ENABLE_TESTABILITY = YES;
				GCC_C_LANGUAGE_STANDARD = gnu11;
				GCC_DYNAMIC_NO_PIC = NO;
				GCC_NO_COMMON_BLOCKS = YES;
				GCC_OPTIMIZATION_LEVEL = 0;
				GCC_PREPROCESSOR_DEFINITIONS = (
					"DEBUG=1",
					"$(inherited)",
				);
				GCC_WARN_64_TO_32_BIT_CONVERSION = YES;
				GCC_WARN_ABOUT_RETURN_TYPE = YES_ERROR;
				GCC_WARN_UNDECLARED_SELECTOR = YES;
				GCC_WARN_UNINITIALIZED_AUTOS = YES_AGGRESSIVE;
				GCC_WARN_UNUSED_FUNCTION = YES;
				GCC_WARN_UNUSED_VARIABLE = YES;
				IPHONEOS_DEPLOYMENT_TARGET = 15.2;
				MTL_ENABLE_DEBUG_INFO = INCLUDE_SOURCE;
				MTL_FAST_MATH = YES;
				ONLY_ACTIVE_ARCH = YES;
				SDKROOT = iphoneos;
				SWIFT_ACTIVE_COMPILATION_CONDITIONS = DEBUG;
				SWIFT_OPTIMIZATION_LEVEL = "-Onone";
			};
			name = Debug;
		};
		51AEFBD927DED3FD00423939 /* Release */ = {
			isa = XCBuildConfiguration;
			buildSettings = {
				ALWAYS_SEARCH_USER_PATHS = NO;
				CLANG_ANALYZER_NONNULL = YES;
				CLANG_ANALYZER_NUMBER_OBJECT_CONVERSION = YES_AGGRESSIVE;
				CLANG_CXX_LANGUAGE_STANDARD = "gnu++17";
				CLANG_CXX_LIBRARY = "libc++";
				CLANG_ENABLE_MODULES = YES;
				CLANG_ENABLE_OBJC_ARC = YES;
				CLANG_ENABLE_OBJC_WEAK = YES;
				CLANG_WARN_BLOCK_CAPTURE_AUTORELEASING = YES;
				CLANG_WARN_BOOL_CONVERSION = YES;
				CLANG_WARN_COMMA = YES;
				CLANG_WARN_CONSTANT_CONVERSION = YES;
				CLANG_WARN_DEPRECATED_OBJC_IMPLEMENTATIONS = YES;
				CLANG_WARN_DIRECT_OBJC_ISA_USAGE = YES_ERROR;
				CLANG_WARN_DOCUMENTATION_COMMENTS = YES;
				CLANG_WARN_EMPTY_BODY = YES;
				CLANG_WARN_ENUM_CONVERSION = YES;
				CLANG_WARN_INFINITE_RECURSION = YES;
				CLANG_WARN_INT_CONVERSION = YES;
				CLANG_WARN_NON_LITERAL_NULL_CONVERSION = YES;
				CLANG_WARN_OBJC_IMPLICIT_RETAIN_SELF = YES;
				CLANG_WARN_OBJC_LITERAL_CONVERSION = YES;
				CLANG_WARN_OBJC_ROOT_CLASS = YES_ERROR;
				CLANG_WARN_QUOTED_INCLUDE_IN_FRAMEWORK_HEADER = YES;
				CLANG_WARN_RANGE_LOOP_ANALYSIS = YES;
				CLANG_WARN_STRICT_PROTOTYPES = YES;
				CLANG_WARN_SUSPICIOUS_MOVE = YES;
				CLANG_WARN_UNGUARDED_AVAILABILITY = YES_AGGRESSIVE;
				CLANG_WARN_UNREACHABLE_CODE = YES;
				CLANG_WARN__DUPLICATE_METHOD_MATCH = YES;
				COPY_PHASE_STRIP = NO;
				DEBUG_INFORMATION_FORMAT = "dwarf-with-dsym";
				ENABLE_NS_ASSERTIONS = NO;
				ENABLE_STRICT_OBJC_MSGSEND = YES;
				GCC_C_LANGUAGE_STANDARD = gnu11;
				GCC_NO_COMMON_BLOCKS = YES;
				GCC_WARN_64_TO_32_BIT_CONVERSION = YES;
				GCC_WARN_ABOUT_RETURN_TYPE = YES_ERROR;
				GCC_WARN_UNDECLARED_SELECTOR = YES;
				GCC_WARN_UNINITIALIZED_AUTOS = YES_AGGRESSIVE;
				GCC_WARN_UNUSED_FUNCTION = YES;
				GCC_WARN_UNUSED_VARIABLE = YES;
				IPHONEOS_DEPLOYMENT_TARGET = 15.2;
				MTL_ENABLE_DEBUG_INFO = NO;
				MTL_FAST_MATH = YES;
				SDKROOT = iphoneos;
				SWIFT_COMPILATION_MODE = wholemodule;
				SWIFT_OPTIMIZATION_LEVEL = "-O";
				VALIDATE_PRODUCT = YES;
			};
			name = Release;
		};
		51AEFBDB27DED3FD00423939 /* Debug */ = {
			isa = XCBuildConfiguration;
			baseConfigurationReference = 76D7383D080C25191DC29EB4 /* Pods-NamhaeGuide_iOS.debug.xcconfig */;
			buildSettings = {
				ASSETCATALOG_COMPILER_APPICON_NAME = AppIcon;
				ASSETCATALOG_COMPILER_GLOBAL_ACCENT_COLOR_NAME = AccentColor;
				CODE_SIGN_IDENTITY = "Apple Development";
				CODE_SIGN_STYLE = Automatic;
				CURRENT_PROJECT_VERSION = 1;
				DEVELOPMENT_TEAM = BG98849UT2;
				GENERATE_INFOPLIST_FILE = YES;
				INFOPLIST_FILE = NamhaeGuide_iOS/Info.plist;
				INFOPLIST_KEY_UIApplicationSupportsIndirectInputEvents = YES;
				INFOPLIST_KEY_UILaunchStoryboardName = LaunchScreen;
				INFOPLIST_KEY_UIMainStoryboardFile = Main;
				INFOPLIST_KEY_UISupportedInterfaceOrientations_iPad = "UIInterfaceOrientationPortrait UIInterfaceOrientationPortraitUpsideDown UIInterfaceOrientationLandscapeLeft UIInterfaceOrientationLandscapeRight";
				INFOPLIST_KEY_UISupportedInterfaceOrientations_iPhone = "UIInterfaceOrientationPortrait UIInterfaceOrientationLandscapeLeft UIInterfaceOrientationLandscapeRight";
				IPHONEOS_DEPLOYMENT_TARGET = 13.0;
				LD_RUNPATH_SEARCH_PATHS = (
					"$(inherited)",
					"@executable_path/Frameworks",
				);
				MARKETING_VERSION = 1.0;
				PRODUCT_BUNDLE_IDENTIFIER = "com.leehojun.NamhaeGuide-iOS";
				PRODUCT_NAME = "$(TARGET_NAME)";
				PROVISIONING_PROFILE_SPECIFIER = "";
				SWIFT_EMIT_LOC_STRINGS = YES;
				SWIFT_VERSION = 5.0;
				TARGETED_DEVICE_FAMILY = 1;
			};
			name = Debug;
		};
		51AEFBDC27DED3FD00423939 /* Release */ = {
			isa = XCBuildConfiguration;
			baseConfigurationReference = 701ED99C46B80B2457EADCE6 /* Pods-NamhaeGuide_iOS.release.xcconfig */;
			buildSettings = {
				ASSETCATALOG_COMPILER_APPICON_NAME = AppIcon;
				ASSETCATALOG_COMPILER_GLOBAL_ACCENT_COLOR_NAME = AccentColor;
				CODE_SIGN_IDENTITY = "Apple Development";
				CODE_SIGN_STYLE = Automatic;
				CURRENT_PROJECT_VERSION = 1;
				DEVELOPMENT_TEAM = BG98849UT2;
				GENERATE_INFOPLIST_FILE = YES;
				INFOPLIST_FILE = NamhaeGuide_iOS/Info.plist;
				INFOPLIST_KEY_UIApplicationSupportsIndirectInputEvents = YES;
				INFOPLIST_KEY_UILaunchStoryboardName = LaunchScreen;
				INFOPLIST_KEY_UIMainStoryboardFile = Main;
				INFOPLIST_KEY_UISupportedInterfaceOrientations_iPad = "UIInterfaceOrientationPortrait UIInterfaceOrientationPortraitUpsideDown UIInterfaceOrientationLandscapeLeft UIInterfaceOrientationLandscapeRight";
				INFOPLIST_KEY_UISupportedInterfaceOrientations_iPhone = "UIInterfaceOrientationPortrait UIInterfaceOrientationLandscapeLeft UIInterfaceOrientationLandscapeRight";
				IPHONEOS_DEPLOYMENT_TARGET = 13.0;
				LD_RUNPATH_SEARCH_PATHS = (
					"$(inherited)",
					"@executable_path/Frameworks",
				);
				MARKETING_VERSION = 1.0;
				PRODUCT_BUNDLE_IDENTIFIER = "com.leehojun.NamhaeGuide-iOS";
				PRODUCT_NAME = "$(TARGET_NAME)";
				PROVISIONING_PROFILE_SPECIFIER = "";
				SWIFT_EMIT_LOC_STRINGS = YES;
				SWIFT_VERSION = 5.0;
				TARGETED_DEVICE_FAMILY = 1;
			};
			name = Release;
		};
/* End XCBuildConfiguration section */

/* Begin XCConfigurationList section */
		51AEFBC127DED3FC00423939 /* Build configuration list for PBXProject "NamhaeGuide_iOS" */ = {
			isa = XCConfigurationList;
			buildConfigurations = (
				51AEFBD827DED3FD00423939 /* Debug */,
				51AEFBD927DED3FD00423939 /* Release */,
			);
			defaultConfigurationIsVisible = 0;
			defaultConfigurationName = Release;
		};
		51AEFBDA27DED3FD00423939 /* Build configuration list for PBXNativeTarget "NamhaeGuide_iOS" */ = {
			isa = XCConfigurationList;
			buildConfigurations = (
				51AEFBDB27DED3FD00423939 /* Debug */,
				51AEFBDC27DED3FD00423939 /* Release */,
			);
			defaultConfigurationIsVisible = 0;
			defaultConfigurationName = Release;
		};
/* End XCConfigurationList section */
	};
	rootObject = 51AEFBBE27DED3FC00423939 /* Project object */;
}
